// !$*UTF8*$!
{
	archiveVersion = 1;
	classes = {
	};
	objectVersion = 50;
	objects = {

/* Begin PBXBuildFile section */
		D229798820710C3100026385 /* SimpleMiddleware.swift in Sources */ = {isa = PBXBuildFile; fileRef = D229798720710C3100026385 /* SimpleMiddleware.swift */; };
		D229799720710D5700026385 /* SimpleMiddlewareTests.swift in Sources */ = {isa = PBXBuildFile; fileRef = D229799620710D5700026385 /* SimpleMiddlewareTests.swift */; };
		D22979992071156600026385 /* Middleware.swift in Sources */ = {isa = PBXBuildFile; fileRef = D22979982071156600026385 /* Middleware.swift */; };
		D24C5FF6207A67AB005C27BB /* AppReducerTests.swift in Sources */ = {isa = PBXBuildFile; fileRef = D24C5FF5207A67AB005C27BB /* AppReducerTests.swift */; };
		D2562EE1206E699600A54E13 /* AppState.swift in Sources */ = {isa = PBXBuildFile; fileRef = D2562EE0206E699600A54E13 /* AppState.swift */; };
		D2562EF0206E6A2F00A54E13 /* AppStore.swift in Sources */ = {isa = PBXBuildFile; fileRef = D2562EEF206E6A2F00A54E13 /* AppStore.swift */; };
		D2562EF2206E6A4600A54E13 /* AppReducer.swift in Sources */ = {isa = PBXBuildFile; fileRef = D2562EF1206E6A4600A54E13 /* AppReducer.swift */; };
		D2562EF4206E7B2400A54E13 /* Actions.swift in Sources */ = {isa = PBXBuildFile; fileRef = D2562EF3206E7B2400A54E13 /* Actions.swift */; };
		D2562EF6206E847B00A54E13 /* PlaceTableViewCell.swift in Sources */ = {isa = PBXBuildFile; fileRef = D2562EF5206E847B00A54E13 /* PlaceTableViewCell.swift */; };
		D273610D207A44BF00172F14 /* MiddlewareTests.swift in Sources */ = {isa = PBXBuildFile; fileRef = D273610C207A44BF00172F14 /* MiddlewareTests.swift */; };
		D273611C207A467B00172F14 /* FakePlacesService.swift in Sources */ = {isa = PBXBuildFile; fileRef = D273611B207A467B00172F14 /* FakePlacesService.swift */; };
		D273611E207A61A800172F14 /* Loadable.swift in Sources */ = {isa = PBXBuildFile; fileRef = D273611D207A61A800172F14 /* Loadable.swift */; };
		D2736122207A652700172F14 /* CLLocationCoordinate2DTests.swift in Sources */ = {isa = PBXBuildFile; fileRef = D2736121207A652700172F14 /* CLLocationCoordinate2DTests.swift */; };
		D287BA992067EFF500E79715 /* AppDelegate.swift in Sources */ = {isa = PBXBuildFile; fileRef = D287BA982067EFF500E79715 /* AppDelegate.swift */; };
		D287BA9B2067EFF500E79715 /* ViewController.swift in Sources */ = {isa = PBXBuildFile; fileRef = D287BA9A2067EFF500E79715 /* ViewController.swift */; };
		D287BA9E2067EFF500E79715 /* Main.storyboard in Resources */ = {isa = PBXBuildFile; fileRef = D287BA9C2067EFF500E79715 /* Main.storyboard */; };
		D287BAA02067EFF700E79715 /* Assets.xcassets in Resources */ = {isa = PBXBuildFile; fileRef = D287BA9F2067EFF700E79715 /* Assets.xcassets */; };
		D287BAA32067EFF700E79715 /* LaunchScreen.storyboard in Resources */ = {isa = PBXBuildFile; fileRef = D287BAA12067EFF700E79715 /* LaunchScreen.storyboard */; };
		D287BAD32067F0FA00E79715 /* ReSwift.framework in Frameworks */ = {isa = PBXBuildFile; fileRef = D287BAC42067F0F300E79715 /* ReSwift.framework */; };
		D287BAD42067F0FA00E79715 /* ReSwift.framework in Embed Frameworks */ = {isa = PBXBuildFile; fileRef = D287BAC42067F0F300E79715 /* ReSwift.framework */; settings = {ATTRIBUTES = (CodeSignOnCopy, RemoveHeadersOnCopy, ); }; };
		D287BADB2067F1E400E79715 /* NetworkFetcher.swift in Sources */ = {isa = PBXBuildFile; fileRef = D287BAD92067F1E400E79715 /* NetworkFetcher.swift */; };
		D287BADC2067F1E400E79715 /* Result.swift in Sources */ = {isa = PBXBuildFile; fileRef = D287BADA2067F1E400E79715 /* Result.swift */; };
		D287BADF2067F27300E79715 /* PlacesService.swift in Sources */ = {isa = PBXBuildFile; fileRef = D287BADE2067F27300E79715 /* PlacesService.swift */; };
		D287BAF42067F3CE00E79715 /* Place.swift in Sources */ = {isa = PBXBuildFile; fileRef = D287BAEE2067F3CE00E79715 /* Place.swift */; };
		D287BAF52067F3CE00E79715 /* PriceLevel.swift in Sources */ = {isa = PBXBuildFile; fileRef = D287BAEF2067F3CE00E79715 /* PriceLevel.swift */; };
		D287BAF62067F3CF00E79715 /* PlacesSearchResult.swift in Sources */ = {isa = PBXBuildFile; fileRef = D287BAF02067F3CE00E79715 /* PlacesSearchResult.swift */; };
		D287BAF72067F3CF00E79715 /* CLLocationCoordinate2D+Codable.swift in Sources */ = {isa = PBXBuildFile; fileRef = D287BAF12067F3CE00E79715 /* CLLocationCoordinate2D+Codable.swift */; };
		D287BAF82067F3CF00E79715 /* Geometry.swift in Sources */ = {isa = PBXBuildFile; fileRef = D287BAF22067F3CE00E79715 /* Geometry.swift */; };
		D287BAFB2067F77400E79715 /* Cartfile in Resources */ = {isa = PBXBuildFile; fileRef = D287BAFA2067F77400E79715 /* Cartfile */; };
		D287BB152067F80400E79715 /* Nimble.framework in Frameworks */ = {isa = PBXBuildFile; fileRef = D287BB0B2067F7F000E79715 /* Nimble.framework */; };
		D287BB172067F81F00E79715 /* Nimble.framework in Copy Frameworks */ = {isa = PBXBuildFile; fileRef = D287BB0B2067F7F000E79715 /* Nimble.framework */; settings = {ATTRIBUTES = (CodeSignOnCopy, RemoveHeadersOnCopy, ); }; };
		D287BB192067F83E00E79715 /* NetworkFetcherTests.swift in Sources */ = {isa = PBXBuildFile; fileRef = D287BB182067F83E00E79715 /* NetworkFetcherTests.swift */; };
		D287BB1D2067F8E600E79715 /* MockURLSession.swift in Sources */ = {isa = PBXBuildFile; fileRef = D287BB1C2067F8E600E79715 /* MockURLSession.swift */; };
		D287BB1F2068001A00E79715 /* PlacesServiceTests.swift in Sources */ = {isa = PBXBuildFile; fileRef = D287BB1E2068001A00E79715 /* PlacesServiceTests.swift */; };
		D287BB2120681B7500E79715 /* FakeNetworkFetcher.swift in Sources */ = {isa = PBXBuildFile; fileRef = D287BB2020681B7500E79715 /* FakeNetworkFetcher.swift */; };
/* End PBXBuildFile section */

/* Begin PBXContainerItemProxy section */
		D287BAAA2067EFF700E79715 /* PBXContainerItemProxy */ = {
			isa = PBXContainerItemProxy;
			containerPortal = D287BA8D2067EFF500E79715 /* Project object */;
			proxyType = 1;
			remoteGlobalIDString = D287BA942067EFF500E79715;
			remoteInfo = RealWorldReSwift;
		};
		D287BAC32067F0F300E79715 /* PBXContainerItemProxy */ = {
			isa = PBXContainerItemProxy;
			containerPortal = D287BAB82067F0F300E79715 /* ReSwift.xcodeproj */;
			proxyType = 2;
			remoteGlobalIDString = 625E66831C1FF97E0027C288;
			remoteInfo = "ReSwift-iOS";
		};
		D287BAC52067F0F300E79715 /* PBXContainerItemProxy */ = {
			isa = PBXContainerItemProxy;
			containerPortal = D287BAB82067F0F300E79715 /* ReSwift.xcodeproj */;
			proxyType = 2;
			remoteGlobalIDString = 625E669A1C1FFA3C0027C288;
			remoteInfo = "ReSwift-iOSTests";
		};
		D287BAC72067F0F300E79715 /* PBXContainerItemProxy */ = {
			isa = PBXContainerItemProxy;
			containerPortal = D287BAB82067F0F300E79715 /* ReSwift.xcodeproj */;
			proxyType = 2;
			remoteGlobalIDString = 25DBCF7B1C30C4AA00D63A58;
			remoteInfo = "ReSwift-macOS";
		};
		D287BAC92067F0F300E79715 /* PBXContainerItemProxy */ = {
			isa = PBXContainerItemProxy;
			containerPortal = D287BAB82067F0F300E79715 /* ReSwift.xcodeproj */;
			proxyType = 2;
			remoteGlobalIDString = 25DBCF871C30C4DB00D63A58;
			remoteInfo = "ReSwift-macOSTests";
		};
		D287BACB2067F0F300E79715 /* PBXContainerItemProxy */ = {
			isa = PBXContainerItemProxy;
			containerPortal = D287BAB82067F0F300E79715 /* ReSwift.xcodeproj */;
			proxyType = 2;
			remoteGlobalIDString = 25DBCF4E1C30C18D00D63A58;
			remoteInfo = "ReSwift-tvOS";
		};
		D287BACD2067F0F300E79715 /* PBXContainerItemProxy */ = {
			isa = PBXContainerItemProxy;
			containerPortal = D287BAB82067F0F300E79715 /* ReSwift.xcodeproj */;
			proxyType = 2;
			remoteGlobalIDString = 25DBCF641C30C1AC00D63A58;
			remoteInfo = "ReSwift-tvOSTests";
		};
		D287BACF2067F0F300E79715 /* PBXContainerItemProxy */ = {
			isa = PBXContainerItemProxy;
			containerPortal = D287BAB82067F0F300E79715 /* ReSwift.xcodeproj */;
			proxyType = 2;
			remoteGlobalIDString = 25DBCF371C30BF2B00D63A58;
			remoteInfo = "ReSwift-watchOS";
		};
		D287BAD12067F0F300E79715 /* PBXContainerItemProxy */ = {
			isa = PBXContainerItemProxy;
			containerPortal = D287BAB82067F0F300E79715 /* ReSwift.xcodeproj */;
			proxyType = 2;
			remoteGlobalIDString = 3F13C0E81E7B3E4000D8442C;
			remoteInfo = SwiftLintIntegration;
		};
		D287BAD52067F0FA00E79715 /* PBXContainerItemProxy */ = {
			isa = PBXContainerItemProxy;
			containerPortal = D287BAB82067F0F300E79715 /* ReSwift.xcodeproj */;
			proxyType = 1;
			remoteGlobalIDString = 625E66821C1FF97E0027C288;
			remoteInfo = "ReSwift-iOS";
		};
		D287BB062067F7F000E79715 /* PBXContainerItemProxy */ = {
			isa = PBXContainerItemProxy;
			containerPortal = D287BAFC2067F7F000E79715 /* Nimble.xcodeproj */;
			proxyType = 2;
			remoteGlobalIDString = 1F925EAD195C0D6300ED456B;
			remoteInfo = "Nimble-macOS";
		};
		D287BB082067F7F000E79715 /* PBXContainerItemProxy */ = {
			isa = PBXContainerItemProxy;
			containerPortal = D287BAFC2067F7F000E79715 /* Nimble.xcodeproj */;
			proxyType = 2;
			remoteGlobalIDString = 1F925EB7195C0D6300ED456B;
			remoteInfo = "Nimble-macOSTests";
		};
		D287BB0A2067F7F000E79715 /* PBXContainerItemProxy */ = {
			isa = PBXContainerItemProxy;
			containerPortal = D287BAFC2067F7F000E79715 /* Nimble.xcodeproj */;
			proxyType = 2;
			remoteGlobalIDString = 1F1A74291940169200FFFC47;
			remoteInfo = "Nimble-iOS";
		};
		D287BB0C2067F7F000E79715 /* PBXContainerItemProxy */ = {
			isa = PBXContainerItemProxy;
			containerPortal = D287BAFC2067F7F000E79715 /* Nimble.xcodeproj */;
			proxyType = 2;
			remoteGlobalIDString = 1F1A74341940169200FFFC47;
			remoteInfo = "Nimble-iOSTests";
		};
		D287BB0E2067F7F000E79715 /* PBXContainerItemProxy */ = {
			isa = PBXContainerItemProxy;
			containerPortal = D287BAFC2067F7F000E79715 /* Nimble.xcodeproj */;
			proxyType = 2;
			remoteGlobalIDString = 1F5DF1551BDCA0CE00C3A531;
			remoteInfo = "Nimble-tvOS";
		};
		D287BB102067F7F000E79715 /* PBXContainerItemProxy */ = {
			isa = PBXContainerItemProxy;
			containerPortal = D287BAFC2067F7F000E79715 /* Nimble.xcodeproj */;
			proxyType = 2;
			remoteGlobalIDString = 1F5DF15E1BDCA0CE00C3A531;
			remoteInfo = "Nimble-tvOSTests";
		};
		D287BB122067F7F800E79715 /* PBXContainerItemProxy */ = {
			isa = PBXContainerItemProxy;
			containerPortal = D287BAFC2067F7F000E79715 /* Nimble.xcodeproj */;
			proxyType = 1;
			remoteGlobalIDString = 1F1A74281940169200FFFC47;
			remoteInfo = "Nimble-iOS";
		};
/* End PBXContainerItemProxy section */

/* Begin PBXCopyFilesBuildPhase section */
		D287BAD72067F0FA00E79715 /* Embed Frameworks */ = {
			isa = PBXCopyFilesBuildPhase;
			buildActionMask = 2147483647;
			dstPath = "";
			dstSubfolderSpec = 10;
			files = (
				D287BAD42067F0FA00E79715 /* ReSwift.framework in Embed Frameworks */,
			);
			name = "Embed Frameworks";
			runOnlyForDeploymentPostprocessing = 0;
		};
		D287BB162067F80A00E79715 /* Copy Frameworks */ = {
			isa = PBXCopyFilesBuildPhase;
			buildActionMask = 2147483647;
			dstPath = "";
			dstSubfolderSpec = 10;
			files = (
				D287BB172067F81F00E79715 /* Nimble.framework in Copy Frameworks */,
			);
			name = "Copy Frameworks";
			runOnlyForDeploymentPostprocessing = 0;
		};
/* End PBXCopyFilesBuildPhase section */

/* Begin PBXFileReference section */
		D229798720710C3100026385 /* SimpleMiddleware.swift */ = {isa = PBXFileReference; lastKnownFileType = sourcecode.swift; path = SimpleMiddleware.swift; sourceTree = "<group>"; };
		D229799620710D5700026385 /* SimpleMiddlewareTests.swift */ = {isa = PBXFileReference; lastKnownFileType = sourcecode.swift; path = SimpleMiddlewareTests.swift; sourceTree = "<group>"; };
		D22979982071156600026385 /* Middleware.swift */ = {isa = PBXFileReference; lastKnownFileType = sourcecode.swift; path = Middleware.swift; sourceTree = "<group>"; };
		D24C5FF5207A67AB005C27BB /* AppReducerTests.swift */ = {isa = PBXFileReference; lastKnownFileType = sourcecode.swift; path = AppReducerTests.swift; sourceTree = "<group>"; };
		D2562EE0206E699600A54E13 /* AppState.swift */ = {isa = PBXFileReference; lastKnownFileType = sourcecode.swift; path = AppState.swift; sourceTree = "<group>"; };
		D2562EEF206E6A2F00A54E13 /* AppStore.swift */ = {isa = PBXFileReference; lastKnownFileType = sourcecode.swift; path = AppStore.swift; sourceTree = "<group>"; };
		D2562EF1206E6A4600A54E13 /* AppReducer.swift */ = {isa = PBXFileReference; lastKnownFileType = sourcecode.swift; path = AppReducer.swift; sourceTree = "<group>"; };
		D2562EF3206E7B2400A54E13 /* Actions.swift */ = {isa = PBXFileReference; lastKnownFileType = sourcecode.swift; path = Actions.swift; sourceTree = "<group>"; };
		D2562EF5206E847B00A54E13 /* PlaceTableViewCell.swift */ = {isa = PBXFileReference; lastKnownFileType = sourcecode.swift; path = PlaceTableViewCell.swift; sourceTree = "<group>"; };
		D273610C207A44BF00172F14 /* MiddlewareTests.swift */ = {isa = PBXFileReference; lastKnownFileType = sourcecode.swift; path = MiddlewareTests.swift; sourceTree = "<group>"; };
		D273611B207A467B00172F14 /* FakePlacesService.swift */ = {isa = PBXFileReference; lastKnownFileType = sourcecode.swift; path = FakePlacesService.swift; sourceTree = "<group>"; };
		D273611D207A61A800172F14 /* Loadable.swift */ = {isa = PBXFileReference; lastKnownFileType = sourcecode.swift; path = Loadable.swift; sourceTree = "<group>"; };
		D2736121207A652700172F14 /* CLLocationCoordinate2DTests.swift */ = {isa = PBXFileReference; lastKnownFileType = sourcecode.swift; path = CLLocationCoordinate2DTests.swift; sourceTree = "<group>"; };
		D287BA952067EFF500E79715 /* RealWorldReSwift.app */ = {isa = PBXFileReference; explicitFileType = wrapper.application; includeInIndex = 0; path = RealWorldReSwift.app; sourceTree = BUILT_PRODUCTS_DIR; };
		D287BA982067EFF500E79715 /* AppDelegate.swift */ = {isa = PBXFileReference; lastKnownFileType = sourcecode.swift; path = AppDelegate.swift; sourceTree = "<group>"; };
		D287BA9A2067EFF500E79715 /* ViewController.swift */ = {isa = PBXFileReference; lastKnownFileType = sourcecode.swift; path = ViewController.swift; sourceTree = "<group>"; };
		D287BA9D2067EFF500E79715 /* Base */ = {isa = PBXFileReference; lastKnownFileType = file.storyboard; name = Base; path = Base.lproj/Main.storyboard; sourceTree = "<group>"; };
		D287BA9F2067EFF700E79715 /* Assets.xcassets */ = {isa = PBXFileReference; lastKnownFileType = folder.assetcatalog; path = Assets.xcassets; sourceTree = "<group>"; };
		D287BAA22067EFF700E79715 /* Base */ = {isa = PBXFileReference; lastKnownFileType = file.storyboard; name = Base; path = Base.lproj/LaunchScreen.storyboard; sourceTree = "<group>"; };
		D287BAA42067EFF700E79715 /* Info.plist */ = {isa = PBXFileReference; lastKnownFileType = text.plist.xml; path = Info.plist; sourceTree = "<group>"; };
		D287BAA92067EFF700E79715 /* RealWorldReSwiftTests.xctest */ = {isa = PBXFileReference; explicitFileType = wrapper.cfbundle; includeInIndex = 0; path = RealWorldReSwiftTests.xctest; sourceTree = BUILT_PRODUCTS_DIR; };
		D287BAAF2067EFF700E79715 /* Info.plist */ = {isa = PBXFileReference; lastKnownFileType = text.plist.xml; path = Info.plist; sourceTree = "<group>"; };
		D287BAB82067F0F300E79715 /* ReSwift.xcodeproj */ = {isa = PBXFileReference; lastKnownFileType = "wrapper.pb-project"; name = ReSwift.xcodeproj; path = Carthage/Checkouts/ReSwift/ReSwift.xcodeproj; sourceTree = "<group>"; };
		D287BAD92067F1E400E79715 /* NetworkFetcher.swift */ = {isa = PBXFileReference; fileEncoding = 4; lastKnownFileType = sourcecode.swift; path = NetworkFetcher.swift; sourceTree = "<group>"; };
		D287BADA2067F1E400E79715 /* Result.swift */ = {isa = PBXFileReference; fileEncoding = 4; lastKnownFileType = sourcecode.swift; path = Result.swift; sourceTree = "<group>"; };
		D287BADE2067F27300E79715 /* PlacesService.swift */ = {isa = PBXFileReference; fileEncoding = 4; lastKnownFileType = sourcecode.swift; path = PlacesService.swift; sourceTree = "<group>"; };
		D287BAEE2067F3CE00E79715 /* Place.swift */ = {isa = PBXFileReference; fileEncoding = 4; lastKnownFileType = sourcecode.swift; path = Place.swift; sourceTree = "<group>"; };
		D287BAEF2067F3CE00E79715 /* PriceLevel.swift */ = {isa = PBXFileReference; fileEncoding = 4; lastKnownFileType = sourcecode.swift; path = PriceLevel.swift; sourceTree = "<group>"; };
		D287BAF02067F3CE00E79715 /* PlacesSearchResult.swift */ = {isa = PBXFileReference; fileEncoding = 4; lastKnownFileType = sourcecode.swift; path = PlacesSearchResult.swift; sourceTree = "<group>"; };
		D287BAF12067F3CE00E79715 /* CLLocationCoordinate2D+Codable.swift */ = {isa = PBXFileReference; fileEncoding = 4; lastKnownFileType = sourcecode.swift; path = "CLLocationCoordinate2D+Codable.swift"; sourceTree = "<group>"; };
		D287BAF22067F3CE00E79715 /* Geometry.swift */ = {isa = PBXFileReference; fileEncoding = 4; lastKnownFileType = sourcecode.swift; path = Geometry.swift; sourceTree = "<group>"; };
		D287BAFA2067F77400E79715 /* Cartfile */ = {isa = PBXFileReference; fileEncoding = 4; lastKnownFileType = text; path = Cartfile; sourceTree = "<group>"; };
		D287BAFC2067F7F000E79715 /* Nimble.xcodeproj */ = {isa = PBXFileReference; lastKnownFileType = "wrapper.pb-project"; name = Nimble.xcodeproj; path = Carthage/Checkouts/Nimble/Nimble.xcodeproj; sourceTree = "<group>"; };
		D287BB182067F83E00E79715 /* NetworkFetcherTests.swift */ = {isa = PBXFileReference; lastKnownFileType = sourcecode.swift; path = NetworkFetcherTests.swift; sourceTree = "<group>"; };
		D287BB1C2067F8E600E79715 /* MockURLSession.swift */ = {isa = PBXFileReference; lastKnownFileType = sourcecode.swift; path = MockURLSession.swift; sourceTree = "<group>"; };
		D287BB1E2068001A00E79715 /* PlacesServiceTests.swift */ = {isa = PBXFileReference; lastKnownFileType = sourcecode.swift; path = PlacesServiceTests.swift; sourceTree = "<group>"; };
		D287BB2020681B7500E79715 /* FakeNetworkFetcher.swift */ = {isa = PBXFileReference; lastKnownFileType = sourcecode.swift; path = FakeNetworkFetcher.swift; sourceTree = "<group>"; };
/* End PBXFileReference section */

/* Begin PBXFrameworksBuildPhase section */
		D287BA922067EFF500E79715 /* Frameworks */ = {
			isa = PBXFrameworksBuildPhase;
			buildActionMask = 2147483647;
			files = (
				D287BAD32067F0FA00E79715 /* ReSwift.framework in Frameworks */,
			);
			runOnlyForDeploymentPostprocessing = 0;
		};
		D287BAA62067EFF700E79715 /* Frameworks */ = {
			isa = PBXFrameworksBuildPhase;
			buildActionMask = 2147483647;
			files = (
				D287BB152067F80400E79715 /* Nimble.framework in Frameworks */,
			);
			runOnlyForDeploymentPostprocessing = 0;
		};
/* End PBXFrameworksBuildPhase section */

/* Begin PBXGroup section */
		D287BA8C2067EFF500E79715 = {
			isa = PBXGroup;
			children = (
				D287BAFA2067F77400E79715 /* Cartfile */,
				D287BAFC2067F7F000E79715 /* Nimble.xcodeproj */,
				D287BAB82067F0F300E79715 /* ReSwift.xcodeproj */,
				D287BA972067EFF500E79715 /* RealWorldReSwift */,
				D287BAAC2067EFF700E79715 /* RealWorldReSwiftTests */,
				D287BA962067EFF500E79715 /* Products */,
				D287BB142067F80400E79715 /* Frameworks */,
			);
			sourceTree = "<group>";
		};
		D287BA962067EFF500E79715 /* Products */ = {
			isa = PBXGroup;
			children = (
				D287BA952067EFF500E79715 /* RealWorldReSwift.app */,
				D287BAA92067EFF700E79715 /* RealWorldReSwiftTests.xctest */,
			);
			name = Products;
			sourceTree = "<group>";
		};
		D287BA972067EFF500E79715 /* RealWorldReSwift */ = {
			isa = PBXGroup;
			children = (
				D2562EF3206E7B2400A54E13 /* Actions.swift */,
				D287BA982067EFF500E79715 /* AppDelegate.swift */,
				D2562EF1206E6A4600A54E13 /* AppReducer.swift */,
				D2562EE0206E699600A54E13 /* AppState.swift */,
				D2562EEF206E6A2F00A54E13 /* AppStore.swift */,
				D287BA9F2067EFF700E79715 /* Assets.xcassets */,
				D287BAA42067EFF700E79715 /* Info.plist */,
				D287BAA12067EFF700E79715 /* LaunchScreen.storyboard */,
				D273611D207A61A800172F14 /* Loadable.swift */,
				D287BA9C2067EFF500E79715 /* Main.storyboard */,
				D22979982071156600026385 /* Middleware.swift */,
				D287BAE02067F2E500E79715 /* Models */,
				D287BAD82067F1D600E79715 /* Networking */,
				D2562EF5206E847B00A54E13 /* PlaceTableViewCell.swift */,
				D229798720710C3100026385 /* SimpleMiddleware.swift */,
				D287BA9A2067EFF500E79715 /* ViewController.swift */,
			);
			path = RealWorldReSwift;
			sourceTree = "<group>";
		};
		D287BAAC2067EFF700E79715 /* RealWorldReSwiftTests */ = {
			isa = PBXGroup;
			children = (
				D24C5FF5207A67AB005C27BB /* AppReducerTests.swift */,
				D2736121207A652700172F14 /* CLLocationCoordinate2DTests.swift */,
				D287BB1A2067F8C000E79715 /* Fakes */,
				D287BAAF2067EFF700E79715 /* Info.plist */,
				D273610C207A44BF00172F14 /* MiddlewareTests.swift */,
				D287BB1B2067F8DA00E79715 /* Mocks */,
				D287BB182067F83E00E79715 /* NetworkFetcherTests.swift */,
				D287BB1E2068001A00E79715 /* PlacesServiceTests.swift */,
				D229799620710D5700026385 /* SimpleMiddlewareTests.swift */,
			);
			path = RealWorldReSwiftTests;
			sourceTree = "<group>";
		};
		D287BAB92067F0F300E79715 /* Products */ = {
			isa = PBXGroup;
			children = (
				D287BAC42067F0F300E79715 /* ReSwift.framework */,
				D287BAC62067F0F300E79715 /* ReSwift-iOSTests.xctest */,
				D287BAC82067F0F300E79715 /* ReSwift.framework */,
				D287BACA2067F0F300E79715 /* ReSwift-macOSTests.xctest */,
				D287BACC2067F0F300E79715 /* ReSwift.framework */,
				D287BACE2067F0F300E79715 /* ReSwift-tvOSTests.xctest */,
				D287BAD02067F0F300E79715 /* ReSwift.framework */,
				D287BAD22067F0F300E79715 /* SwiftLintIntegration.xctest */,
			);
			name = Products;
			sourceTree = "<group>";
		};
		D287BAD82067F1D600E79715 /* Networking */ = {
			isa = PBXGroup;
			children = (
				D287BAD92067F1E400E79715 /* NetworkFetcher.swift */,
				D287BADE2067F27300E79715 /* PlacesService.swift */,
				D287BADA2067F1E400E79715 /* Result.swift */,
			);
			path = Networking;
			sourceTree = "<group>";
		};
		D287BAE02067F2E500E79715 /* Models */ = {
			isa = PBXGroup;
			children = (
				D287BAF12067F3CE00E79715 /* CLLocationCoordinate2D+Codable.swift */,
				D287BAF22067F3CE00E79715 /* Geometry.swift */,
				D287BAEE2067F3CE00E79715 /* Place.swift */,
				D287BAF02067F3CE00E79715 /* PlacesSearchResult.swift */,
				D287BAEF2067F3CE00E79715 /* PriceLevel.swift */,
			);
			path = Models;
			sourceTree = "<group>";
		};
		D287BAFD2067F7F000E79715 /* Products */ = {
			isa = PBXGroup;
			children = (
				D287BB072067F7F000E79715 /* Nimble.framework */,
				D287BB092067F7F000E79715 /* NimbleTests.xctest */,
				D287BB0B2067F7F000E79715 /* Nimble.framework */,
				D287BB0D2067F7F000E79715 /* NimbleTests.xctest */,
				D287BB0F2067F7F000E79715 /* Nimble.framework */,
				D287BB112067F7F000E79715 /* NimbleTests.xctest */,
			);
			name = Products;
			sourceTree = "<group>";
		};
		D287BB142067F80400E79715 /* Frameworks */ = {
			isa = PBXGroup;
			children = (
			);
			name = Frameworks;
			sourceTree = "<group>";
		};
		D287BB1A2067F8C000E79715 /* Fakes */ = {
			isa = PBXGroup;
			children = (
				D287BB2020681B7500E79715 /* FakeNetworkFetcher.swift */,
				D273611B207A467B00172F14 /* FakePlacesService.swift */,
			);
			path = Fakes;
			sourceTree = "<group>";
		};
		D287BB1B2067F8DA00E79715 /* Mocks */ = {
			isa = PBXGroup;
			children = (
				D287BB1C2067F8E600E79715 /* MockURLSession.swift */,
			);
			path = Mocks;
			sourceTree = "<group>";
		};
/* End PBXGroup section */

/* Begin PBXNativeTarget section */
		D287BA942067EFF500E79715 /* RealWorldReSwift */ = {
			isa = PBXNativeTarget;
			buildConfigurationList = D287BAB22067EFF700E79715 /* Build configuration list for PBXNativeTarget "RealWorldReSwift" */;
			buildPhases = (
				D287BA912067EFF500E79715 /* Sources */,
				D287BA922067EFF500E79715 /* Frameworks */,
				D287BA932067EFF500E79715 /* Resources */,
				D287BAD72067F0FA00E79715 /* Embed Frameworks */,
			);
			buildRules = (
			);
			dependencies = (
				D287BAD62067F0FA00E79715 /* PBXTargetDependency */,
			);
			name = RealWorldReSwift;
			productName = RealWorldReSwift;
			productReference = D287BA952067EFF500E79715 /* RealWorldReSwift.app */;
			productType = "com.apple.product-type.application";
		};
		D287BAA82067EFF700E79715 /* RealWorldReSwiftTests */ = {
			isa = PBXNativeTarget;
			buildConfigurationList = D287BAB52067EFF700E79715 /* Build configuration list for PBXNativeTarget "RealWorldReSwiftTests" */;
			buildPhases = (
				D287BAA52067EFF700E79715 /* Sources */,
				D287BAA62067EFF700E79715 /* Frameworks */,
				D287BAA72067EFF700E79715 /* Resources */,
				D287BB162067F80A00E79715 /* Copy Frameworks */,
			);
			buildRules = (
			);
			dependencies = (
				D287BB132067F7F800E79715 /* PBXTargetDependency */,
				D287BAAB2067EFF700E79715 /* PBXTargetDependency */,
			);
			name = RealWorldReSwiftTests;
			productName = RealWorldReSwiftTests;
			productReference = D287BAA92067EFF700E79715 /* RealWorldReSwiftTests.xctest */;
			productType = "com.apple.product-type.bundle.unit-test";
		};
/* End PBXNativeTarget section */

/* Begin PBXProject section */
		D287BA8D2067EFF500E79715 /* Project object */ = {
			isa = PBXProject;
			attributes = {
				LastSwiftUpdateCheck = 0930;
				LastUpgradeCheck = 0930;
				ORGANIZATIONNAME = "Tobias Ottenweller";
				TargetAttributes = {
					D287BA942067EFF500E79715 = {
						CreatedOnToolsVersion = 9.3;
					};
					D287BAA82067EFF700E79715 = {
						CreatedOnToolsVersion = 9.3;
						LastSwiftMigration = 0930;
						TestTargetID = D287BA942067EFF500E79715;
					};
				};
			};
			buildConfigurationList = D287BA902067EFF500E79715 /* Build configuration list for PBXProject "RealWorldReSwift" */;
			compatibilityVersion = "Xcode 9.3";
			developmentRegion = en;
			hasScannedForEncodings = 0;
			knownRegions = (
				en,
				Base,
			);
			mainGroup = D287BA8C2067EFF500E79715;
			productRefGroup = D287BA962067EFF500E79715 /* Products */;
			projectDirPath = "";
			projectReferences = (
				{
					ProductGroup = D287BAFD2067F7F000E79715 /* Products */;
					ProjectRef = D287BAFC2067F7F000E79715 /* Nimble.xcodeproj */;
				},
				{
					ProductGroup = D287BAB92067F0F300E79715 /* Products */;
					ProjectRef = D287BAB82067F0F300E79715 /* ReSwift.xcodeproj */;
				},
			);
			projectRoot = "";
			targets = (
				D287BA942067EFF500E79715 /* RealWorldReSwift */,
				D287BAA82067EFF700E79715 /* RealWorldReSwiftTests */,
			);
		};
/* End PBXProject section */

/* Begin PBXReferenceProxy section */
		D287BAC42067F0F300E79715 /* ReSwift.framework */ = {
			isa = PBXReferenceProxy;
			fileType = wrapper.framework;
			path = ReSwift.framework;
			remoteRef = D287BAC32067F0F300E79715 /* PBXContainerItemProxy */;
			sourceTree = BUILT_PRODUCTS_DIR;
		};
		D287BAC62067F0F300E79715 /* ReSwift-iOSTests.xctest */ = {
			isa = PBXReferenceProxy;
			fileType = wrapper.cfbundle;
			path = "ReSwift-iOSTests.xctest";
			remoteRef = D287BAC52067F0F300E79715 /* PBXContainerItemProxy */;
			sourceTree = BUILT_PRODUCTS_DIR;
		};
		D287BAC82067F0F300E79715 /* ReSwift.framework */ = {
			isa = PBXReferenceProxy;
			fileType = wrapper.framework;
			path = ReSwift.framework;
			remoteRef = D287BAC72067F0F300E79715 /* PBXContainerItemProxy */;
			sourceTree = BUILT_PRODUCTS_DIR;
		};
		D287BACA2067F0F300E79715 /* ReSwift-macOSTests.xctest */ = {
			isa = PBXReferenceProxy;
			fileType = wrapper.cfbundle;
			path = "ReSwift-macOSTests.xctest";
			remoteRef = D287BAC92067F0F300E79715 /* PBXContainerItemProxy */;
			sourceTree = BUILT_PRODUCTS_DIR;
		};
		D287BACC2067F0F300E79715 /* ReSwift.framework */ = {
			isa = PBXReferenceProxy;
			fileType = wrapper.framework;
			path = ReSwift.framework;
			remoteRef = D287BACB2067F0F300E79715 /* PBXContainerItemProxy */;
			sourceTree = BUILT_PRODUCTS_DIR;
		};
		D287BACE2067F0F300E79715 /* ReSwift-tvOSTests.xctest */ = {
			isa = PBXReferenceProxy;
			fileType = wrapper.cfbundle;
			path = "ReSwift-tvOSTests.xctest";
			remoteRef = D287BACD2067F0F300E79715 /* PBXContainerItemProxy */;
			sourceTree = BUILT_PRODUCTS_DIR;
		};
		D287BAD02067F0F300E79715 /* ReSwift.framework */ = {
			isa = PBXReferenceProxy;
			fileType = wrapper.framework;
			path = ReSwift.framework;
			remoteRef = D287BACF2067F0F300E79715 /* PBXContainerItemProxy */;
			sourceTree = BUILT_PRODUCTS_DIR;
		};
		D287BAD22067F0F300E79715 /* SwiftLintIntegration.xctest */ = {
			isa = PBXReferenceProxy;
			fileType = wrapper.cfbundle;
			path = SwiftLintIntegration.xctest;
			remoteRef = D287BAD12067F0F300E79715 /* PBXContainerItemProxy */;
			sourceTree = BUILT_PRODUCTS_DIR;
		};
		D287BB072067F7F000E79715 /* Nimble.framework */ = {
			isa = PBXReferenceProxy;
			fileType = wrapper.framework;
			path = Nimble.framework;
			remoteRef = D287BB062067F7F000E79715 /* PBXContainerItemProxy */;
			sourceTree = BUILT_PRODUCTS_DIR;
		};
		D287BB092067F7F000E79715 /* NimbleTests.xctest */ = {
			isa = PBXReferenceProxy;
			fileType = wrapper.cfbundle;
			path = NimbleTests.xctest;
			remoteRef = D287BB082067F7F000E79715 /* PBXContainerItemProxy */;
			sourceTree = BUILT_PRODUCTS_DIR;
		};
		D287BB0B2067F7F000E79715 /* Nimble.framework */ = {
			isa = PBXReferenceProxy;
			fileType = wrapper.framework;
			path = Nimble.framework;
			remoteRef = D287BB0A2067F7F000E79715 /* PBXContainerItemProxy */;
			sourceTree = BUILT_PRODUCTS_DIR;
		};
		D287BB0D2067F7F000E79715 /* NimbleTests.xctest */ = {
			isa = PBXReferenceProxy;
			fileType = wrapper.cfbundle;
			path = NimbleTests.xctest;
			remoteRef = D287BB0C2067F7F000E79715 /* PBXContainerItemProxy */;
			sourceTree = BUILT_PRODUCTS_DIR;
		};
		D287BB0F2067F7F000E79715 /* Nimble.framework */ = {
			isa = PBXReferenceProxy;
			fileType = wrapper.framework;
			path = Nimble.framework;
			remoteRef = D287BB0E2067F7F000E79715 /* PBXContainerItemProxy */;
			sourceTree = BUILT_PRODUCTS_DIR;
		};
		D287BB112067F7F000E79715 /* NimbleTests.xctest */ = {
			isa = PBXReferenceProxy;
			fileType = wrapper.cfbundle;
			path = NimbleTests.xctest;
			remoteRef = D287BB102067F7F000E79715 /* PBXContainerItemProxy */;
			sourceTree = BUILT_PRODUCTS_DIR;
		};
/* End PBXReferenceProxy section */

/* Begin PBXResourcesBuildPhase section */
		D287BA932067EFF500E79715 /* Resources */ = {
			isa = PBXResourcesBuildPhase;
			buildActionMask = 2147483647;
			files = (
				D287BAA32067EFF700E79715 /* LaunchScreen.storyboard in Resources */,
				D287BAA02067EFF700E79715 /* Assets.xcassets in Resources */,
				D287BAFB2067F77400E79715 /* Cartfile in Resources */,
				D287BA9E2067EFF500E79715 /* Main.storyboard in Resources */,
			);
			runOnlyForDeploymentPostprocessing = 0;
		};
		D287BAA72067EFF700E79715 /* Resources */ = {
			isa = PBXResourcesBuildPhase;
			buildActionMask = 2147483647;
			files = (
			);
			runOnlyForDeploymentPostprocessing = 0;
		};
/* End PBXResourcesBuildPhase section */

/* Begin PBXSourcesBuildPhase section */
		D287BA912067EFF500E79715 /* Sources */ = {
			isa = PBXSourcesBuildPhase;
			buildActionMask = 2147483647;
			files = (
				D287BAF62067F3CF00E79715 /* PlacesSearchResult.swift in Sources */,
				D287BAF52067F3CE00E79715 /* PriceLevel.swift in Sources */,
				D287BAF72067F3CF00E79715 /* CLLocationCoordinate2D+Codable.swift in Sources */,
				D2562EF0206E6A2F00A54E13 /* AppStore.swift in Sources */,
				D287BA9B2067EFF500E79715 /* ViewController.swift in Sources */,
				D287BADF2067F27300E79715 /* PlacesService.swift in Sources */,
				D287BADB2067F1E400E79715 /* NetworkFetcher.swift in Sources */,
				D2562EF2206E6A4600A54E13 /* AppReducer.swift in Sources */,
				D2562EE1206E699600A54E13 /* AppState.swift in Sources */,
				D229798820710C3100026385 /* SimpleMiddleware.swift in Sources */,
				D287BAF42067F3CE00E79715 /* Place.swift in Sources */,
				D273611E207A61A800172F14 /* Loadable.swift in Sources */,
				D287BADC2067F1E400E79715 /* Result.swift in Sources */,
				D2562EF4206E7B2400A54E13 /* Actions.swift in Sources */,
				D287BA992067EFF500E79715 /* AppDelegate.swift in Sources */,
				D287BAF82067F3CF00E79715 /* Geometry.swift in Sources */,
				D2562EF6206E847B00A54E13 /* PlaceTableViewCell.swift in Sources */,
				D22979992071156600026385 /* Middleware.swift in Sources */,
			);
			runOnlyForDeploymentPostprocessing = 0;
		};
		D287BAA52067EFF700E79715 /* Sources */ = {
			isa = PBXSourcesBuildPhase;
			buildActionMask = 2147483647;
			files = (
				D287BB1D2067F8E600E79715 /* MockURLSession.swift in Sources */,
				D273611C207A467B00172F14 /* FakePlacesService.swift in Sources */,
				D287BB2120681B7500E79715 /* FakeNetworkFetcher.swift in Sources */,
				D24C5FF6207A67AB005C27BB /* AppReducerTests.swift in Sources */,
				D287BB1F2068001A00E79715 /* PlacesServiceTests.swift in Sources */,
				D273610D207A44BF00172F14 /* MiddlewareTests.swift in Sources */,
				D229799720710D5700026385 /* SimpleMiddlewareTests.swift in Sources */,
				D287BB192067F83E00E79715 /* NetworkFetcherTests.swift in Sources */,
				D2736122207A652700172F14 /* CLLocationCoordinate2DTests.swift in Sources */,
			);
			runOnlyForDeploymentPostprocessing = 0;
		};
/* End PBXSourcesBuildPhase section */

/* Begin PBXTargetDependency section */
		D287BAAB2067EFF700E79715 /* PBXTargetDependency */ = {
			isa = PBXTargetDependency;
			target = D287BA942067EFF500E79715 /* RealWorldReSwift */;
			targetProxy = D287BAAA2067EFF700E79715 /* PBXContainerItemProxy */;
		};
		D287BAD62067F0FA00E79715 /* PBXTargetDependency */ = {
			isa = PBXTargetDependency;
			name = "ReSwift-iOS";
			targetProxy = D287BAD52067F0FA00E79715 /* PBXContainerItemProxy */;
		};
		D287BB132067F7F800E79715 /* PBXTargetDependency */ = {
			isa = PBXTargetDependency;
			name = "Nimble-iOS";
			targetProxy = D287BB122067F7F800E79715 /* PBXContainerItemProxy */;
		};
/* End PBXTargetDependency section */

/* Begin PBXVariantGroup section */
		D287BA9C2067EFF500E79715 /* Main.storyboard */ = {
			isa = PBXVariantGroup;
			children = (
				D287BA9D2067EFF500E79715 /* Base */,
			);
			name = Main.storyboard;
			sourceTree = "<group>";
		};
		D287BAA12067EFF700E79715 /* LaunchScreen.storyboard */ = {
			isa = PBXVariantGroup;
			children = (
				D287BAA22067EFF700E79715 /* Base */,
			);
			name = LaunchScreen.storyboard;
			sourceTree = "<group>";
		};
/* End PBXVariantGroup section */

/* Begin XCBuildConfiguration section */
		D287BAB02067EFF700E79715 /* Debug */ = {
			isa = XCBuildConfiguration;
			buildSettings = {
				ALWAYS_SEARCH_USER_PATHS = NO;
				CLANG_ANALYZER_NONNULL = YES;
				CLANG_ANALYZER_NUMBER_OBJECT_CONVERSION = YES_AGGRESSIVE;
				CLANG_CXX_LANGUAGE_STANDARD = "gnu++14";
				CLANG_CXX_LIBRARY = "libc++";
				CLANG_ENABLE_MODULES = YES;
				CLANG_ENABLE_OBJC_ARC = YES;
				CLANG_ENABLE_OBJC_WEAK = YES;
				CLANG_WARN_BLOCK_CAPTURE_AUTORELEASING = YES;
				CLANG_WARN_BOOL_CONVERSION = YES;
				CLANG_WARN_COMMA = YES;
				CLANG_WARN_CONSTANT_CONVERSION = YES;
				CLANG_WARN_DEPRECATED_OBJC_IMPLEMENTATIONS = YES;
				CLANG_WARN_DIRECT_OBJC_ISA_USAGE = YES_ERROR;
				CLANG_WARN_DOCUMENTATION_COMMENTS = YES;
				CLANG_WARN_EMPTY_BODY = YES;
				CLANG_WARN_ENUM_CONVERSION = YES;
				CLANG_WARN_INFINITE_RECURSION = YES;
				CLANG_WARN_INT_CONVERSION = YES;
				CLANG_WARN_NON_LITERAL_NULL_CONVERSION = YES;
				CLANG_WARN_OBJC_IMPLICIT_RETAIN_SELF = YES;
				CLANG_WARN_OBJC_LITERAL_CONVERSION = YES;
				CLANG_WARN_OBJC_ROOT_CLASS = YES_ERROR;
				CLANG_WARN_RANGE_LOOP_ANALYSIS = YES;
				CLANG_WARN_STRICT_PROTOTYPES = YES;
				CLANG_WARN_SUSPICIOUS_MOVE = YES;
				CLANG_WARN_UNGUARDED_AVAILABILITY = YES_AGGRESSIVE;
				CLANG_WARN_UNREACHABLE_CODE = YES;
				CLANG_WARN__DUPLICATE_METHOD_MATCH = YES;
				CODE_SIGN_IDENTITY = "iPhone Developer";
				COPY_PHASE_STRIP = NO;
				DEBUG_INFORMATION_FORMAT = dwarf;
				ENABLE_STRICT_OBJC_MSGSEND = YES;
				ENABLE_TESTABILITY = YES;
				GCC_C_LANGUAGE_STANDARD = gnu11;
				GCC_DYNAMIC_NO_PIC = NO;
				GCC_NO_COMMON_BLOCKS = YES;
				GCC_OPTIMIZATION_LEVEL = 0;
				GCC_PREPROCESSOR_DEFINITIONS = (
					"DEBUG=1",
					"$(inherited)",
				);
				GCC_WARN_64_TO_32_BIT_CONVERSION = YES;
				GCC_WARN_ABOUT_RETURN_TYPE = YES_ERROR;
				GCC_WARN_UNDECLARED_SELECTOR = YES;
				GCC_WARN_UNINITIALIZED_AUTOS = YES_AGGRESSIVE;
				GCC_WARN_UNUSED_FUNCTION = YES;
				GCC_WARN_UNUSED_VARIABLE = YES;
				IPHONEOS_DEPLOYMENT_TARGET = 11.3;
				MTL_ENABLE_DEBUG_INFO = YES;
				ONLY_ACTIVE_ARCH = YES;
				SDKROOT = iphoneos;
				SWIFT_ACTIVE_COMPILATION_CONDITIONS = DEBUG;
				SWIFT_OPTIMIZATION_LEVEL = "-Onone";
			};
			name = Debug;
		};
		D287BAB12067EFF700E79715 /* Release */ = {
			isa = XCBuildConfiguration;
			buildSettings = {
				ALWAYS_SEARCH_USER_PATHS = NO;
				CLANG_ANALYZER_NONNULL = YES;
				CLANG_ANALYZER_NUMBER_OBJECT_CONVERSION = YES_AGGRESSIVE;
				CLANG_CXX_LANGUAGE_STANDARD = "gnu++14";
				CLANG_CXX_LIBRARY = "libc++";
				CLANG_ENABLE_MODULES = YES;
				CLANG_ENABLE_OBJC_ARC = YES;
				CLANG_ENABLE_OBJC_WEAK = YES;
				CLANG_WARN_BLOCK_CAPTURE_AUTORELEASING = YES;
				CLANG_WARN_BOOL_CONVERSION = YES;
				CLANG_WARN_COMMA = YES;
				CLANG_WARN_CONSTANT_CONVERSION = YES;
				CLANG_WARN_DEPRECATED_OBJC_IMPLEMENTATIONS = YES;
				CLANG_WARN_DIRECT_OBJC_ISA_USAGE = YES_ERROR;
				CLANG_WARN_DOCUMENTATION_COMMENTS = YES;
				CLANG_WARN_EMPTY_BODY = YES;
				CLANG_WARN_ENUM_CONVERSION = YES;
				CLANG_WARN_INFINITE_RECURSION = YES;
				CLANG_WARN_INT_CONVERSION = YES;
				CLANG_WARN_NON_LITERAL_NULL_CONVERSION = YES;
				CLANG_WARN_OBJC_IMPLICIT_RETAIN_SELF = YES;
				CLANG_WARN_OBJC_LITERAL_CONVERSION = YES;
				CLANG_WARN_OBJC_ROOT_CLASS = YES_ERROR;
				CLANG_WARN_RANGE_LOOP_ANALYSIS = YES;
				CLANG_WARN_STRICT_PROTOTYPES = YES;
				CLANG_WARN_SUSPICIOUS_MOVE = YES;
				CLANG_WARN_UNGUARDED_AVAILABILITY = YES_AGGRESSIVE;
				CLANG_WARN_UNREACHABLE_CODE = YES;
				CLANG_WARN__DUPLICATE_METHOD_MATCH = YES;
				CODE_SIGN_IDENTITY = "iPhone Developer";
				COPY_PHASE_STRIP = NO;
				DEBUG_INFORMATION_FORMAT = "dwarf-with-dsym";
				ENABLE_NS_ASSERTIONS = NO;
				ENABLE_STRICT_OBJC_MSGSEND = YES;
				GCC_C_LANGUAGE_STANDARD = gnu11;
				GCC_NO_COMMON_BLOCKS = YES;
				GCC_WARN_64_TO_32_BIT_CONVERSION = YES;
				GCC_WARN_ABOUT_RETURN_TYPE = YES_ERROR;
				GCC_WARN_UNDECLARED_SELECTOR = YES;
				GCC_WARN_UNINITIALIZED_AUTOS = YES_AGGRESSIVE;
				GCC_WARN_UNUSED_FUNCTION = YES;
				GCC_WARN_UNUSED_VARIABLE = YES;
				IPHONEOS_DEPLOYMENT_TARGET = 11.3;
				MTL_ENABLE_DEBUG_INFO = NO;
				SDKROOT = iphoneos;
				SWIFT_COMPILATION_MODE = wholemodule;
				SWIFT_OPTIMIZATION_LEVEL = "-O";
				VALIDATE_PRODUCT = YES;
			};
			name = Release;
		};
		D287BAB32067EFF700E79715 /* Debug */ = {
			isa = XCBuildConfiguration;
			buildSettings = {
				ALWAYS_EMBED_SWIFT_STANDARD_LIBRARIES = YES;
				ASSETCATALOG_COMPILER_APPICON_NAME = AppIcon;
				CODE_SIGN_STYLE = Automatic;
				DEVELOPMENT_TEAM = DZ92W4V2G9;
				INFOPLIST_FILE = RealWorldReSwift/Info.plist;
				LD_RUNPATH_SEARCH_PATHS = (
					"$(inherited)",
					"@executable_path/Frameworks",
				);
				PRODUCT_BUNDLE_IDENTIFIER = net.ottenweller.RealWorldReSwift;
				PRODUCT_NAME = "$(TARGET_NAME)";
				SWIFT_VERSION = 4.0;
				TARGETED_DEVICE_FAMILY = "1,2";
			};
			name = Debug;
		};
		D287BAB42067EFF700E79715 /* Release */ = {
			isa = XCBuildConfiguration;
			buildSettings = {
				ALWAYS_EMBED_SWIFT_STANDARD_LIBRARIES = YES;
				ASSETCATALOG_COMPILER_APPICON_NAME = AppIcon;
				CODE_SIGN_STYLE = Automatic;
				DEVELOPMENT_TEAM = DZ92W4V2G9;
				INFOPLIST_FILE = RealWorldReSwift/Info.plist;
				LD_RUNPATH_SEARCH_PATHS = (
					"$(inherited)",
					"@executable_path/Frameworks",
				);
				PRODUCT_BUNDLE_IDENTIFIER = net.ottenweller.RealWorldReSwift;
				PRODUCT_NAME = "$(TARGET_NAME)";
				SWIFT_VERSION = 4.0;
				TARGETED_DEVICE_FAMILY = "1,2";
			};
			name = Release;
		};
		D287BAB62067EFF700E79715 /* Debug */ = {
			isa = XCBuildConfiguration;
			buildSettings = {
				ALWAYS_EMBED_SWIFT_STANDARD_LIBRARIES = YES;
				BUNDLE_LOADER = "$(TEST_HOST)";
				CLANG_ENABLE_MODULES = YES;
				CODE_SIGN_STYLE = Automatic;
				DEVELOPMENT_TEAM = DZ92W4V2G9;
				INFOPLIST_FILE = RealWorldReSwiftTests/Info.plist;
				LD_RUNPATH_SEARCH_PATHS = (
					"$(inherited)",
					"@executable_path/Frameworks",
					"@loader_path/Frameworks",
				);
				PRODUCT_BUNDLE_IDENTIFIER = net.ottenweller.RealWorldReSwiftTests;
				PRODUCT_NAME = "$(TARGET_NAME)";
				SWIFT_OPTIMIZATION_LEVEL = "-Onone";
				SWIFT_VERSION = 4.0;
				TARGETED_DEVICE_FAMILY = "1,2";
				TEST_HOST = "$(BUILT_PRODUCTS_DIR)/RealWorldReSwift.app/RealWorldReSwift";
			};
			name = Debug;
		};
		D287BAB72067EFF700E79715 /* Release */ = {
			isa = XCBuildConfiguration;
			buildSettings = {
				ALWAYS_EMBED_SWIFT_STANDARD_LIBRARIES = YES;
				BUNDLE_LOADER = "$(TEST_HOST)";
				CLANG_ENABLE_MODULES = YES;
				CODE_SIGN_STYLE = Automatic;
				DEVELOPMENT_TEAM = DZ92W4V2G9;
				INFOPLIST_FILE = RealWorldReSwiftTests/Info.plist;
				LD_RUNPATH_SEARCH_PATHS = (
					"$(inherited)",
					"@executable_path/Frameworks",
					"@loader_path/Frameworks",
				);
				PRODUCT_BUNDLE_IDENTIFIER = net.ottenweller.RealWorldReSwiftTests;
				PRODUCT_NAME = "$(TARGET_NAME)";
				SWIFT_VERSION = 4.0;
				TARGETED_DEVICE_FAMILY = "1,2";
				TEST_HOST = "$(BUILT_PRODUCTS_DIR)/RealWorldReSwift.app/RealWorldReSwift";
			};
			name = Release;
		};
/* End XCBuildConfiguration section */

/* Begin XCConfigurationList section */
		D287BA902067EFF500E79715 /* Build configuration list for PBXProject "RealWorldReSwift" */ = {
			isa = XCConfigurationList;
			buildConfigurations = (
				D287BAB02067EFF700E79715 /* Debug */,
				D287BAB12067EFF700E79715 /* Release */,
			);
			defaultConfigurationIsVisible = 0;
			defaultConfigurationName = Release;
		};
		D287BAB22067EFF700E79715 /* Build configuration list for PBXNativeTarget "RealWorldReSwift" */ = {
			isa = XCConfigurationList;
			buildConfigurations = (
				D287BAB32067EFF700E79715 /* Debug */,
				D287BAB42067EFF700E79715 /* Release */,
			);
			defaultConfigurationIsVisible = 0;
			defaultConfigurationName = Release;
		};
		D287BAB52067EFF700E79715 /* Build configuration list for PBXNativeTarget "RealWorldReSwiftTests" */ = {
			isa = XCConfigurationList;
			buildConfigurations = (
				D287BAB62067EFF700E79715 /* Debug */,
				D287BAB72067EFF700E79715 /* Release */,
			);
			defaultConfigurationIsVisible = 0;
			defaultConfigurationName = Release;
		};
/* End XCConfigurationList section */
	};
	rootObject = D287BA8D2067EFF500E79715 /* Project object */;
}
